
Microsoft Visual Studio Solution File, Format Version 12.00
# Visual Studio Version 18
VisualStudioVersion = 18.10.12113.136
MinimumVisualStudioVersion = 10.0.40219.1
Project("{FAE04EC0-301F-11D3-BF4B-00C04F79EFBC}") = "NexaMart.Domain", "NexaMart.Domain\NexaMart.Domain.csproj", "{81F9B0A9-7765-4934-9ED5-FEE822B5729F}"
EndProject
Project("{FAE04EC0-301F-11D3-BF4B-00C04F79EFBC}") = "NexaMart.Application", "NexaMart.Application\NexaMart.Application.csproj", "{A84BAFE3-8D0F-440E-A420-D5E31A389E02}"
EndProject
Project("{FAE04EC0-301F-11D3-BF4B-00C04F79EFBC}") = "NexaMart.Infrastructure", "NexaMart.Infrastructure\NexaMart.Infrastructure.csproj", "{E98A1CBD-547A-4275-9D3A-F9B18FC36D85}"
EndProject
Project("{FAE04EC0-301F-11D3-BF4B-00C04F79EFBC}") = "NexaMart.Web", "NexaMart.Web\NexaMart.Web.csproj", "{1D6EB9D1-E968-45E9-90CA-87994786E532}"
EndProject
Global
	GlobalSection(SolutionConfigurationPlatforms) = preSolution
		Debug|Any CPU = Debug|Any CPU
		Debug|x64 = Debug|x64
		Debug|x86 = Debug|x86
		Release|Any CPU = Release|Any CPU
		Release|x64 = Release|x64
		Release|x86 = Release|x86
	EndGlobalSection
	GlobalSection(ProjectConfigurationPlatforms) = postSolution
		{81F9B0A9-7765-4934-9ED5-FEE822B5729F}.Debug|Any CPU.ActiveCfg = Debug|Any CPU
		{81F9B0A9-7765-4934-9ED5-FEE822B5729F}.Debug|Any CPU.Build.0 = Debug|Any CPU
		{81F9B0A9-7765-4934-9ED5-FEE822B5729F}.Debug|x64.ActiveCfg = Debug|Any CPU
		{81F9B0A9-7765-4934-9ED5-FEE822B5729F}.Debug|x64.Build.0 = Debug|Any CPU
		{81F9B0A9-7765-4934-9ED5-FEE822B5729F}.Debug|x86.ActiveCfg = Debug|Any CPU
		{81F9B0A9-7765-4934-9ED5-FEE822B5729F}.Debug|x86.Build.0 = Debug|Any CPU
		{81F9B0A9-7765-4934-9ED5-FEE822B5729F}.Release|Any CPU.ActiveCfg = Release|Any CPU
		{81F9B0A9-7765-4934-9ED5-FEE822B5729F}.Release|Any CPU.Build.0 = Release|Any CPU
		{81F9B0A9-7765-4934-9ED5-FEE822B5729F}.Release|x64.ActiveCfg = Release|Any CPU
		{81F9B0A9-7765-4934-9ED5-FEE822B5729F}.Release|x64.Build.0 = Release|Any CPU
		{81F9B0A9-7765-4934-9ED5-FEE822B5729F}.Release|x86.ActiveCfg = Release|Any CPU
		{81F9B0A9-7765-4934-9ED5-FEE822B5729F}.Release|x86.Build.0 = Release|Any CPU
		{A84BAFE3-8D0F-440E-A420-D5E31A389E02}.Debug|Any CPU.ActiveCfg = Debug|Any CPU
		{A84BAFE3-8D0F-440E-A420-D5E31A389E02}.Debug|Any CPU.Build.0 = Debug|Any CPU
		{A84BAFE3-8D0F-440E-A420-D5E31A389E02}.Debug|x64.ActiveCfg = Debug|Any CPU
		{A84BAFE3-8D0F-440E-A420-D5E31A389E02}.Debug|x64.Build.0 = Debug|Any CPU
		{A84BAFE3-8D0F-440E-A420-D5E31A389E02}.Debug|x86.ActiveCfg = Debug|Any CPU
		{A84BAFE3-8D0F-440E-A420-D5E31A389E02}.Debug|x86.Build.0 = Debug|Any CPU
		{A84BAFE3-8D0F-440E-A420-D5E31A389E02}.Release|Any CPU.ActiveCfg = Release|Any CPU
		{A84BAFE3-8D0F-440E-A420-D5E31A389E02}.Release|Any CPU.Build.0 = Release|Any CPU
		{A84BAFE3-8D0F-440E-A420-D5E31A389E02}.Release|x64.ActiveCfg = Release|Any CPU
		{A84BAFE3-8D0F-440E-A420-D5E31A389E02}.Release|x64.Build.0 = Release|Any CPU
		{A84BAFE3-8D0F-440E-A420-D5E31A389E02}.Release|x86.ActiveCfg = Release|Any CPU
		{A84BAFE3-8D0F-440E-A420-D5E31A389E02}.Release|x86.Build.0 = Release|Any CPU
		{E98A1CBD-547A-4275-9D3A-F9B18FC36D85}.Debug|Any CPU.ActiveCfg = Debug|Any CPU
		{E98A1CBD-547A-4275-9D3A-F9B18FC36D85}.Debug|Any CPU.Build.0 = Debug|Any CPU
		{E98A1CBD-547A-4275-9D3A-F9B18FC36D85}.Debug|x64.ActiveCfg = Debug|Any CPU
		{E98A1CBD-547A-4275-9D3A-F9B18FC36D85}.Debug|x64.Build.0 = Debug|Any CPU
		{E98A1CBD-547A-4275-9D3A-F9B18FC36D85}.Debug|x86.ActiveCfg = Debug|Any CPU
		{E98A1CBD-547A-4275-9D3A-F9B18FC36D85}.Debug|x86.Build.0 = Debug|Any CPU
		{E98A1CBD-547A-4275-9D3A-F9B18FC36D85}.Release|Any CPU.ActiveCfg = Release|Any CPU
		{E98A1CBD-547A-4275-9D3A-F9B18FC36D85}.Release|Any CPU.Build.0 = Release|Any CPU
		{E98A1CBD-547A-4275-9D3A-F9B18FC36D85}.Release|x64.ActiveCfg = Release|Any CPU
		{E98A1CBD-547A-4275-9D3A-F9B18FC36D85}.Release|x64.Build.0 = Release|Any CPU
		{E98A1CBD-547A-4275-9D3A-F9B18FC36D85}.Release|x86.ActiveCfg = Release|Any CPU
		{E98A1CBD-547A-4275-9D3A-F9B18FC36D85}.Release|x86.Build.0 = Release|Any CPU
		{1D6EB9D1-E968-45E9-90CA-87994786E532}.Debug|Any CPU.ActiveCfg = Debug|Any CPU
		{1D6EB9D1-E968-45E9-90CA-87994786E532}.Debug|Any CPU.Build.0 = Debug|Any CPU
		{1D6EB9D1-E968-45E9-90CA-87994786E532}.Debug|x64.ActiveCfg = Debug|Any CPU
		{1D6EB9D1-E968-45E9-90CA-87994786E532}.Debug|x64.Build.0 = Debug|Any CPU
		{1D6EB9D1-E968-45E9-90CA-87994786E532}.Debug|x86.ActiveCfg = Debug|Any CPU
		{1D6EB9D1-E968-45E9-90CA-87994786E532}.Debug|x86.Build.0 = Debug|Any CPU
		{1D6EB9D1-E968-45E9-90CA-87994786E532}.Release|Any CPU.ActiveCfg = Release|Any CPU
		{1D6EB9D1-E968-45E9-90CA-87994786E532}.Release|Any CPU.Build.0 = Release|Any CPU
		{1D6EB9D1-E968-45E9-90CA-87994786E532}.Release|x64.ActiveCfg = Release|Any CPU
		{1D6EB9D1-E968-45E9-90CA-87994786E532}.Release|x64.Build.0 = Release|Any CPU
		{1D6EB9D1-E968-45E9-90CA-87994786E532}.Release|x86.ActiveCfg = Release|Any CPU
		{1D6EB9D1-E968-45E9-90CA-87994786E532}.Release|x86.Build.0 = Release|Any CPU
	EndGlobalSection
	GlobalSection(SolutionProperties) = preSolution
		HideSolutionNode = FALSE
	EndGlobalSection
EndGlobal
